
Microsoft Visual Studio Solution File, Format Version 12.00
# Visual Studio Version 16
VisualStudioVersion = 16.0.30804.86
MinimumVisualStudioVersion = 10.0.40219.1
Project("{9A19103F-16F7-4668-BE54-9A1E7A4F7556}") = "Kampintro", "Kampintro\Kampintro.csproj", "{52C0069E-CEE8-42B8-B681-8515BE0E866E}"
EndProject
Project("{9A19103F-16F7-4668-BE54-9A1E7A4F7556}") = "Donguler", "Donguler\Donguler.csproj", "{5CDEE07A-CC66-43F7-9BE8-49B11F3405F6}"
EndProject
Project("{9A19103F-16F7-4668-BE54-9A1E7A4F7556}") = "Classintro", "Classintro\Classintro.csproj", "{A9806F39-D8D7-48A9-8007-771E4E4D418B}"
EndProject
Project("{FAE04EC0-301F-11D3-BF4B-00C04F79EFBC}") = "Metotlar", "Metotlar\Metotlar.csproj", "{401B13BE-7909-4CC8-88C2-3EBD49D28531}"
EndProject
Project("{FAE04EC0-301F-11D3-BF4B-00C04F79EFBC}") = "Matematik", "Matematik\Matematik.csproj", "{7D720DEB-6D56-403D-AF2E-262A8ED2B46C}"
EndProject
Project("{FAE04EC0-301F-11D3-BF4B-00C04F79EFBC}") = "DegerVeReferansTipler", "DegerVeReferansTipler\DegerVeReferansTipler.csproj", "{8AEE3F88-FDC8-461C-95AA-76404356F5C7}"
EndProject
Global
	GlobalSection(SolutionConfigurationPlatforms) = preSolution
		Debug|Any CPU = Debug|Any CPU
		Release|Any CPU = Release|Any CPU
	EndGlobalSection
	GlobalSection(ProjectConfigurationPlatforms) = postSolution
		{52C0069E-CEE8-42B8-B681-8515BE0E866E}.Debug|Any CPU.ActiveCfg = Debug|Any CPU
		{52C0069E-CEE8-42B8-B681-8515BE0E866E}.Debug|Any CPU.Build.0 = Debug|Any CPU
		{52C0069E-CEE8-42B8-B681-8515BE0E866E}.Release|Any CPU.ActiveCfg = Release|Any CPU
		{52C0069E-CEE8-42B8-B681-8515BE0E866E}.Release|Any CPU.Build.0 = Release|Any CPU
		{5CDEE07A-CC66-43F7-9BE8-49B11F3405F6}.Debug|Any CPU.ActiveCfg = Debug|Any CPU
		{5CDEE07A-CC66-43F7-9BE8-49B11F3405F6}.Debug|Any CPU.Build.0 = Debug|Any CPU
		{5CDEE07A-CC66-43F7-9BE8-49B11F3405F6}.Release|Any CPU.ActiveCfg = Release|Any CPU
		{5CDEE07A-CC66-43F7-9BE8-49B11F3405F6}.Release|Any CPU.Build.0 = Release|Any CPU
		{A9806F39-D8D7-48A9-8007-771E4E4D418B}.Debug|Any CPU.ActiveCfg = Debug|Any CPU
		{A9806F39-D8D7-48A9-8007-771E4E4D418B}.Debug|Any CPU.Build.0 = Debug|Any CPU
		{A9806F39-D8D7-48A9-8007-771E4E4D418B}.Release|Any CPU.ActiveCfg = Release|Any CPU
		{A9806F39-D8D7-48A9-8007-771E4E4D418B}.Release|Any CPU.Build.0 = Release|Any CPU
		{401B13BE-7909-4CC8-88C2-3EBD49D28531}.Debug|Any CPU.ActiveCfg = Debug|Any CPU
		{401B13BE-7909-4CC8-88C2-3EBD49D28531}.Debug|Any CPU.Build.0 = Debug|Any CPU
		{401B13BE-7909-4CC8-88C2-3EBD49D28531}.Release|Any CPU.ActiveCfg = Release|Any CPU
		{401B13BE-7909-4CC8-88C2-3EBD49D28531}.Release|Any CPU.Build.0 = Release|Any CPU
		{7D720DEB-6D56-403D-AF2E-262A8ED2B46C}.Debug|Any CPU.ActiveCfg = Debug|Any CPU
		{7D720DEB-6D56-403D-AF2E-262A8ED2B46C}.Debug|Any CPU.Build.0 = Debug|Any CPU
		{7D720DEB-6D56-403D-AF2E-262A8ED2B46C}.Release|Any CPU.ActiveCfg = Release|Any CPU
		{7D720DEB-6D56-403D-AF2E-262A8ED2B46C}.Release|Any CPU.Build.0 = Release|Any CPU
		{8AEE3F88-FDC8-461C-95AA-76404356F5C7}.Debug|Any CPU.ActiveCfg = Debug|Any CPU
		{8AEE3F88-FDC8-461C-95AA-76404356F5C7}.Debug|Any CPU.Build.0 = Debug|Any CPU
		{8AEE3F88-FDC8-461C-95AA-76404356F5C7}.Release|Any CPU.ActiveCfg = Release|Any CPU
		{8AEE3F88-FDC8-461C-95AA-76404356F5C7}.Release|Any CPU.Build.0 = Release|Any CPU
	EndGlobalSection
	GlobalSection(SolutionProperties) = preSolution
		HideSolutionNode = FALSE
	EndGlobalSection
	GlobalSection(ExtensibilityGlobals) = postSolution
		SolutionGuid = {A89CA002-7D07-497D-AE15-657B65C913F9}
	EndGlobalSection
EndGlobal
